
Microsoft Visual Studio Solution File, Format Version 12.00
# Visual Studio Version 17
VisualStudioVersion = 17.14.36414.22 d17.14
MinimumVisualStudioVersion = 10.0.40219.1
Project("{FAE04EC0-301F-11D3-BF4B-00C04F79EFBC}") = "Préstamos", "Préstamos\Préstamos.csproj", "{1526A21D-3872-4618-9B2D-845D0DA50541}"
EndProject
Global
	GlobalSection(SolutionConfigurationPlatforms) = preSolution
		Debug|Any CPU = Debug|Any CPU
		Release|Any CPU = Release|Any CPU
	EndGlobalSection
	GlobalSection(ProjectConfigurationPlatforms) = postSolution
		{1526A21D-3872-4618-9B2D-845D0DA50541}.Debug|Any CPU.ActiveCfg = Debug|Any CPU
		{1526A21D-3872-4618-9B2D-845D0DA50541}.Debug|Any CPU.Build.0 = Debug|Any CPU
		{1526A21D-3872-4618-9B2D-845D0DA50541}.Release|Any CPU.ActiveCfg = Release|Any CPU
		{1526A21D-3872-4618-9B2D-845D0DA50541}.Release|Any CPU.Build.0 = Release|Any CPU
	EndGlobalSection
	GlobalSection(SolutionProperties) = preSolution
		HideSolutionNode = FALSE
	EndGlobalSection
	GlobalSection(ExtensibilityGlobals) = postSolution
		SolutionGuid = {86D60299-9B83-4700-A3F0-F0211AE80709}
	EndGlobalSection
EndGlobal
